
Microsoft Visual Studio Solution File, Format Version 12.00
# Visual Studio Version 17
VisualStudioVersion = 17.7.34003.232
MinimumVisualStudioVersion = 10.0.40219.1
Project("{FAE04EC0-301F-11D3-BF4B-00C04F79EFBC}") = "MyArray", "MyArray\MyArray.csproj", "{2BB7991D-7641-4FBD-8207-165591C2B229}"
EndProject
Project("{2150E333-8FDC-42A3-9474-1A3956D46DE8}") = "Elementos de la solución", "Elementos de la solución", "{659B289C-AB6A-424A-8F36-34F63BBD34C0}"
EndProject
Global
	GlobalSection(SolutionConfigurationPlatforms) = preSolution
		Debug|Any CPU = Debug|Any CPU
		Release|Any CPU = Release|Any CPU
	EndGlobalSection
	GlobalSection(ProjectConfigurationPlatforms) = postSolution
		{2BB7991D-7641-4FBD-8207-165591C2B229}.Debug|Any CPU.ActiveCfg = Debug|Any CPU
		{2BB7991D-7641-4FBD-8207-165591C2B229}.Debug|Any CPU.Build.0 = Debug|Any CPU
		{2BB7991D-7641-4FBD-8207-165591C2B229}.Release|Any CPU.ActiveCfg = Release|Any CPU
		{2BB7991D-7641-4FBD-8207-165591C2B229}.Release|Any CPU.Build.0 = Release|Any CPU
	EndGlobalSection
	GlobalSection(SolutionProperties) = preSolution
		HideSolutionNode = FALSE
	EndGlobalSection
	GlobalSection(ExtensibilityGlobals) = postSolution
		SolutionGuid = {BC437390-3242-4D3B-9936-6A3E25768AD4}
	EndGlobalSection
EndGlobal
